
Microsoft Visual Studio Solution File, Format Version 12.00
# Visual Studio 15
VisualStudioVersion = 15.0.28307.757
MinimumVisualStudioVersion = 10.0.40219.1
Project("{8BC9CEB8-8B4A-11D0-8D11-00A0C91BC942}") = "VS2017", "VS2017\VS2017.vcxproj", "{EACDC028-A4CE-4DB0-AAE5-AE8078654D05}"
EndProject
Project("{8BC9CEB8-8B4A-11D0-8D11-00A0C91BC942}") = "GameServer", "GameServer\GameServer.vcxproj", "{BF5C969C-0272-4F3F-AA69-1B48C99EBF17}"
EndProject
Project("{8BC9CEB8-8B4A-11D0-8D11-00A0C91BC942}") = "GameClient", "GameClient\GameClient.vcxproj", "{93E64116-3476-4E99-AD46-7FD2AF5C0EE5}"
EndProject
Project("{8BC9CEB8-8B4A-11D0-8D11-00A0C91BC942}") = "01GameClient", "01GameClient\01GameClient.vcxproj", "{55A6ADC8-28E5-40D8-B996-5EE68CD655DA}"
EndProject
Project("{8BC9CEB8-8B4A-11D0-8D11-00A0C91BC942}") = "01GameServer", "01GameServer\01GameServer.vcxproj", "{4CF08F4B-FC08-4F98-89C4-4D3F25D96AD2}"
EndProject
Project("{8BC9CEB8-8B4A-11D0-8D11-00A0C91BC942}") = "02GameThread", "02GameThread\02GameThread.vcxproj", "{2B0CB44B-8645-4B40-A137-9ADCC3316E3F}"
EndProject
Project("{8BC9CEB8-8B4A-11D0-8D11-00A0C91BC942}") = "02GameThreadClass", "02GameThreadClass\02GameThreadClass.vcxproj", "{F0E2CEF9-F091-4A18-9259-131323B84835}"
EndProject
Project("{8BC9CEB8-8B4A-11D0-8D11-00A0C91BC942}") = "02GameThreadServer", "02GameThreadServer\02GameThreadServer.vcxproj", "{18F3A0E8-A6A2-4BCC-AD94-FDC7FD6B56DF}"
EndProject
Project("{8BC9CEB8-8B4A-11D0-8D11-00A0C91BC942}") = "02GameThreadClient", "02GameThreadClient\02GameThreadClient.vcxproj", "{1DD246E4-0CEC-485D-8799-0627FB2E8399}"
EndProject
Project("{8BC9CEB8-8B4A-11D0-8D11-00A0C91BC942}") = "winiocp", "winiocp\winiocp.vcxproj", "{2BC570E2-B2F4-4C6D-98DD-416002ABA093}"
EndProject
Project("{8BC9CEB8-8B4A-11D0-8D11-00A0C91BC942}") = "03GameWin", "03GameWin\03GameWin.vcxproj", "{D4C87FB5-EADF-4ED1-AE23-6B1FF391B406}"
EndProject
Global
	GlobalSection(SolutionConfigurationPlatforms) = preSolution
		Debug|x64 = Debug|x64
		Debug|x86 = Debug|x86
		Release|x64 = Release|x64
		Release|x86 = Release|x86
	EndGlobalSection
	GlobalSection(ProjectConfigurationPlatforms) = postSolution
		{EACDC028-A4CE-4DB0-AAE5-AE8078654D05}.Debug|x64.ActiveCfg = Debug|x64
		{EACDC028-A4CE-4DB0-AAE5-AE8078654D05}.Debug|x64.Build.0 = Debug|x64
		{EACDC028-A4CE-4DB0-AAE5-AE8078654D05}.Debug|x86.ActiveCfg = Debug|Win32
		{EACDC028-A4CE-4DB0-AAE5-AE8078654D05}.Debug|x86.Build.0 = Debug|Win32
		{EACDC028-A4CE-4DB0-AAE5-AE8078654D05}.Release|x64.ActiveCfg = Release|x64
		{EACDC028-A4CE-4DB0-AAE5-AE8078654D05}.Release|x64.Build.0 = Release|x64
		{EACDC028-A4CE-4DB0-AAE5-AE8078654D05}.Release|x86.ActiveCfg = Release|Win32
		{EACDC028-A4CE-4DB0-AAE5-AE8078654D05}.Release|x86.Build.0 = Release|Win32
		{BF5C969C-0272-4F3F-AA69-1B48C99EBF17}.Debug|x64.ActiveCfg = Debug|x64
		{BF5C969C-0272-4F3F-AA69-1B48C99EBF17}.Debug|x64.Build.0 = Debug|x64
		{BF5C969C-0272-4F3F-AA69-1B48C99EBF17}.Debug|x86.ActiveCfg = Debug|Win32
		{BF5C969C-0272-4F3F-AA69-1B48C99EBF17}.Debug|x86.Build.0 = Debug|Win32
		{BF5C969C-0272-4F3F-AA69-1B48C99EBF17}.Release|x64.ActiveCfg = Release|x64
		{BF5C969C-0272-4F3F-AA69-1B48C99EBF17}.Release|x64.Build.0 = Release|x64
		{BF5C969C-0272-4F3F-AA69-1B48C99EBF17}.Release|x86.ActiveCfg = Release|Win32
		{BF5C969C-0272-4F3F-AA69-1B48C99EBF17}.Release|x86.Build.0 = Release|Win32
		{93E64116-3476-4E99-AD46-7FD2AF5C0EE5}.Debug|x64.ActiveCfg = Debug|x64
		{93E64116-3476-4E99-AD46-7FD2AF5C0EE5}.Debug|x64.Build.0 = Debug|x64
		{93E64116-3476-4E99-AD46-7FD2AF5C0EE5}.Debug|x86.ActiveCfg = Debug|Win32
		{93E64116-3476-4E99-AD46-7FD2AF5C0EE5}.Debug|x86.Build.0 = Debug|Win32
		{93E64116-3476-4E99-AD46-7FD2AF5C0EE5}.Release|x64.ActiveCfg = Release|x64
		{93E64116-3476-4E99-AD46-7FD2AF5C0EE5}.Release|x64.Build.0 = Release|x64
		{93E64116-3476-4E99-AD46-7FD2AF5C0EE5}.Release|x86.ActiveCfg = Release|Win32
		{93E64116-3476-4E99-AD46-7FD2AF5C0EE5}.Release|x86.Build.0 = Release|Win32
		{55A6ADC8-28E5-40D8-B996-5EE68CD655DA}.Debug|x64.ActiveCfg = Debug|x64
		{55A6ADC8-28E5-40D8-B996-5EE68CD655DA}.Debug|x64.Build.0 = Debug|x64
		{55A6ADC8-28E5-40D8-B996-5EE68CD655DA}.Debug|x86.ActiveCfg = Debug|Win32
		{55A6ADC8-28E5-40D8-B996-5EE68CD655DA}.Debug|x86.Build.0 = Debug|Win32
		{55A6ADC8-28E5-40D8-B996-5EE68CD655DA}.Release|x64.ActiveCfg = Release|x64
		{55A6ADC8-28E5-40D8-B996-5EE68CD655DA}.Release|x64.Build.0 = Release|x64
		{55A6ADC8-28E5-40D8-B996-5EE68CD655DA}.Release|x86.ActiveCfg = Release|Win32
		{55A6ADC8-28E5-40D8-B996-5EE68CD655DA}.Release|x86.Build.0 = Release|Win32
		{4CF08F4B-FC08-4F98-89C4-4D3F25D96AD2}.Debug|x64.ActiveCfg = Debug|x64
		{4CF08F4B-FC08-4F98-89C4-4D3F25D96AD2}.Debug|x64.Build.0 = Debug|x64
		{4CF08F4B-FC08-4F98-89C4-4D3F25D96AD2}.Debug|x86.ActiveCfg = Debug|Win32
		{4CF08F4B-FC08-4F98-89C4-4D3F25D96AD2}.Debug|x86.Build.0 = Debug|Win32
		{4CF08F4B-FC08-4F98-89C4-4D3F25D96AD2}.Release|x64.ActiveCfg = Release|x64
		{4CF08F4B-FC08-4F98-89C4-4D3F25D96AD2}.Release|x64.Build.0 = Release|x64
		{4CF08F4B-FC08-4F98-89C4-4D3F25D96AD2}.Release|x86.ActiveCfg = Release|Win32
		{4CF08F4B-FC08-4F98-89C4-4D3F25D96AD2}.Release|x86.Build.0 = Release|Win32
		{2B0CB44B-8645-4B40-A137-9ADCC3316E3F}.Debug|x64.ActiveCfg = Debug|x64
		{2B0CB44B-8645-4B40-A137-9ADCC3316E3F}.Debug|x64.Build.0 = Debug|x64
		{2B0CB44B-8645-4B40-A137-9ADCC3316E3F}.Debug|x86.ActiveCfg = Debug|Win32
		{2B0CB44B-8645-4B40-A137-9ADCC3316E3F}.Debug|x86.Build.0 = Debug|Win32
		{2B0CB44B-8645-4B40-A137-9ADCC3316E3F}.Release|x64.ActiveCfg = Release|x64
		{2B0CB44B-8645-4B40-A137-9ADCC3316E3F}.Release|x64.Build.0 = Release|x64
		{2B0CB44B-8645-4B40-A137-9ADCC3316E3F}.Release|x86.ActiveCfg = Release|Win32
		{2B0CB44B-8645-4B40-A137-9ADCC3316E3F}.Release|x86.Build.0 = Release|Win32
		{F0E2CEF9-F091-4A18-9259-131323B84835}.Debug|x64.ActiveCfg = Debug|x64
		{F0E2CEF9-F091-4A18-9259-131323B84835}.Debug|x64.Build.0 = Debug|x64
		{F0E2CEF9-F091-4A18-9259-131323B84835}.Debug|x86.ActiveCfg = Debug|Win32
		{F0E2CEF9-F091-4A18-9259-131323B84835}.Debug|x86.Build.0 = Debug|Win32
		{F0E2CEF9-F091-4A18-9259-131323B84835}.Release|x64.ActiveCfg = Release|x64
		{F0E2CEF9-F091-4A18-9259-131323B84835}.Release|x64.Build.0 = Release|x64
		{F0E2CEF9-F091-4A18-9259-131323B84835}.Release|x86.ActiveCfg = Release|Win32
		{F0E2CEF9-F091-4A18-9259-131323B84835}.Release|x86.Build.0 = Release|Win32
		{18F3A0E8-A6A2-4BCC-AD94-FDC7FD6B56DF}.Debug|x64.ActiveCfg = Debug|x64
		{18F3A0E8-A6A2-4BCC-AD94-FDC7FD6B56DF}.Debug|x64.Build.0 = Debug|x64
		{18F3A0E8-A6A2-4BCC-AD94-FDC7FD6B56DF}.Debug|x86.ActiveCfg = Debug|Win32
		{18F3A0E8-A6A2-4BCC-AD94-FDC7FD6B56DF}.Debug|x86.Build.0 = Debug|Win32
		{18F3A0E8-A6A2-4BCC-AD94-FDC7FD6B56DF}.Release|x64.ActiveCfg = Release|x64
		{18F3A0E8-A6A2-4BCC-AD94-FDC7FD6B56DF}.Release|x64.Build.0 = Release|x64
		{18F3A0E8-A6A2-4BCC-AD94-FDC7FD6B56DF}.Release|x86.ActiveCfg = Release|Win32
		{18F3A0E8-A6A2-4BCC-AD94-FDC7FD6B56DF}.Release|x86.Build.0 = Release|Win32
		{1DD246E4-0CEC-485D-8799-0627FB2E8399}.Debug|x64.ActiveCfg = Debug|x64
		{1DD246E4-0CEC-485D-8799-0627FB2E8399}.Debug|x64.Build.0 = Debug|x64
		{1DD246E4-0CEC-485D-8799-0627FB2E8399}.Debug|x86.ActiveCfg = Debug|Win32
		{1DD246E4-0CEC-485D-8799-0627FB2E8399}.Debug|x86.Build.0 = Debug|Win32
		{1DD246E4-0CEC-485D-8799-0627FB2E8399}.Release|x64.ActiveCfg = Release|x64
		{1DD246E4-0CEC-485D-8799-0627FB2E8399}.Release|x64.Build.0 = Release|x64
		{1DD246E4-0CEC-485D-8799-0627FB2E8399}.Release|x86.ActiveCfg = Release|Win32
		{1DD246E4-0CEC-485D-8799-0627FB2E8399}.Release|x86.Build.0 = Release|Win32
		{2BC570E2-B2F4-4C6D-98DD-416002ABA093}.Debug|x64.ActiveCfg = Debug|x64
		{2BC570E2-B2F4-4C6D-98DD-416002ABA093}.Debug|x64.Build.0 = Debug|x64
		{2BC570E2-B2F4-4C6D-98DD-416002ABA093}.Debug|x86.ActiveCfg = Debug|Win32
		{2BC570E2-B2F4-4C6D-98DD-416002ABA093}.Debug|x86.Build.0 = Debug|Win32
		{2BC570E2-B2F4-4C6D-98DD-416002ABA093}.Release|x64.ActiveCfg = Release|x64
		{2BC570E2-B2F4-4C6D-98DD-416002ABA093}.Release|x64.Build.0 = Release|x64
		{2BC570E2-B2F4-4C6D-98DD-416002ABA093}.Release|x86.ActiveCfg = Release|Win32
		{2BC570E2-B2F4-4C6D-98DD-416002ABA093}.Release|x86.Build.0 = Release|Win32
		{D4C87FB5-EADF-4ED1-AE23-6B1FF391B406}.Debug|x64.ActiveCfg = Debug|x64
		{D4C87FB5-EADF-4ED1-AE23-6B1FF391B406}.Debug|x64.Build.0 = Debug|x64
		{D4C87FB5-EADF-4ED1-AE23-6B1FF391B406}.Debug|x86.ActiveCfg = Debug|Win32
		{D4C87FB5-EADF-4ED1-AE23-6B1FF391B406}.Debug|x86.Build.0 = Debug|Win32
		{D4C87FB5-EADF-4ED1-AE23-6B1FF391B406}.Release|x64.ActiveCfg = Release|x64
		{D4C87FB5-EADF-4ED1-AE23-6B1FF391B406}.Release|x64.Build.0 = Release|x64
		{D4C87FB5-EADF-4ED1-AE23-6B1FF391B406}.Release|x86.ActiveCfg = Release|Win32
		{D4C87FB5-EADF-4ED1-AE23-6B1FF391B406}.Release|x86.Build.0 = Release|Win32
	EndGlobalSection
	GlobalSection(SolutionProperties) = preSolution
		HideSolutionNode = FALSE
	EndGlobalSection
	GlobalSection(ExtensibilityGlobals) = postSolution
		SolutionGuid = {D96141D7-CA72-4F5C-BB74-D4835D1D9292}
	EndGlobalSection
EndGlobal
