
Microsoft Visual Studio Solution File, Format Version 12.00
# Visual Studio 15
VisualStudioVersion = 15.0.28307.902
MinimumVisualStudioVersion = 10.0.40219.1
Project("{8BC9CEB8-8B4A-11D0-8D11-00A0C91BC942}") = "Game", "Game\Game.vcxproj", "{C2B003B4-CC10-4E88-B462-A39E4B00EF11}"
EndProject
Project("{8BC9CEB8-8B4A-11D0-8D11-00A0C91BC942}") = "GameTanke", "GameTanke\GameTanke.vcxproj", "{99EF1EF6-0BB6-476F-AC0A-49B6A5EC6280}"
EndProject
Project("{8BC9CEB8-8B4A-11D0-8D11-00A0C91BC942}") = "DesktopCover", "DesktopCover\DesktopCover.vcxproj", "{ADD4C143-177B-4E41-A770-7AF0484C9DFD}"
EndProject
Global
	GlobalSection(SolutionConfigurationPlatforms) = preSolution
		Debug|x64 = Debug|x64
		Debug|x86 = Debug|x86
		Release|x64 = Release|x64
		Release|x86 = Release|x86
	EndGlobalSection
	GlobalSection(ProjectConfigurationPlatforms) = postSolution
		{C2B003B4-CC10-4E88-B462-A39E4B00EF11}.Debug|x64.ActiveCfg = Debug|x64
		{C2B003B4-CC10-4E88-B462-A39E4B00EF11}.Debug|x64.Build.0 = Debug|x64
		{C2B003B4-CC10-4E88-B462-A39E4B00EF11}.Debug|x86.ActiveCfg = Debug|Win32
		{C2B003B4-CC10-4E88-B462-A39E4B00EF11}.Debug|x86.Build.0 = Debug|Win32
		{C2B003B4-CC10-4E88-B462-A39E4B00EF11}.Release|x64.ActiveCfg = Release|x64
		{C2B003B4-CC10-4E88-B462-A39E4B00EF11}.Release|x64.Build.0 = Release|x64
		{C2B003B4-CC10-4E88-B462-A39E4B00EF11}.Release|x86.ActiveCfg = Release|Win32
		{C2B003B4-CC10-4E88-B462-A39E4B00EF11}.Release|x86.Build.0 = Release|Win32
		{99EF1EF6-0BB6-476F-AC0A-49B6A5EC6280}.Debug|x64.ActiveCfg = Debug|x64
		{99EF1EF6-0BB6-476F-AC0A-49B6A5EC6280}.Debug|x64.Build.0 = Debug|x64
		{99EF1EF6-0BB6-476F-AC0A-49B6A5EC6280}.Debug|x86.ActiveCfg = Debug|Win32
		{99EF1EF6-0BB6-476F-AC0A-49B6A5EC6280}.Debug|x86.Build.0 = Debug|Win32
		{99EF1EF6-0BB6-476F-AC0A-49B6A5EC6280}.Release|x64.ActiveCfg = Release|x64
		{99EF1EF6-0BB6-476F-AC0A-49B6A5EC6280}.Release|x64.Build.0 = Release|x64
		{99EF1EF6-0BB6-476F-AC0A-49B6A5EC6280}.Release|x86.ActiveCfg = Release|Win32
		{99EF1EF6-0BB6-476F-AC0A-49B6A5EC6280}.Release|x86.Build.0 = Release|Win32
		{ADD4C143-177B-4E41-A770-7AF0484C9DFD}.Debug|x64.ActiveCfg = Debug|x64
		{ADD4C143-177B-4E41-A770-7AF0484C9DFD}.Debug|x64.Build.0 = Debug|x64
		{ADD4C143-177B-4E41-A770-7AF0484C9DFD}.Debug|x86.ActiveCfg = Debug|Win32
		{ADD4C143-177B-4E41-A770-7AF0484C9DFD}.Debug|x86.Build.0 = Debug|Win32
		{ADD4C143-177B-4E41-A770-7AF0484C9DFD}.Release|x64.ActiveCfg = Release|x64
		{ADD4C143-177B-4E41-A770-7AF0484C9DFD}.Release|x64.Build.0 = Release|x64
		{ADD4C143-177B-4E41-A770-7AF0484C9DFD}.Release|x86.ActiveCfg = Release|Win32
		{ADD4C143-177B-4E41-A770-7AF0484C9DFD}.Release|x86.Build.0 = Release|Win32
	EndGlobalSection
	GlobalSection(SolutionProperties) = preSolution
		HideSolutionNode = FALSE
	EndGlobalSection
	GlobalSection(ExtensibilityGlobals) = postSolution
		SolutionGuid = {E3CC40EA-D536-4F6C-A4A7-B5D1BBA70F77}
	EndGlobalSection
EndGlobal
