
Microsoft Visual Studio Solution File, Format Version 12.00
# Visual Studio Version 16
VisualStudioVersion = 16.0.30114.105
MinimumVisualStudioVersion = 10.0.40219.1
Project("{8BC9CEB8-8B4A-11D0-8D11-00A0C91BC942}") = "CppDemo", "CppDemo\CppDemo.vcxproj", "{CE784B4C-DE9C-45B3-9CEA-32B63A8A6D90}"
EndProject
Project("{8BC9CEB8-8B4A-11D0-8D11-00A0C91BC942}") = "01Snake1", "01Snake1\01Snake1.vcxproj", "{0510C624-8BB7-456B-A803-53F15C625878}"
EndProject
Project("{8BC9CEB8-8B4A-11D0-8D11-00A0C91BC942}") = "01Snake5", "01Snake5\01Snake5.vcxproj", "{DA92D5F0-1545-4DC3-ABC5-4C3D8DF264FD}"
EndProject
Project("{8BC9CEB8-8B4A-11D0-8D11-00A0C91BC942}") = "02Tetris1", "02Tetris1\02Tetris1.vcxproj", "{BA3E4024-4E02-4952-923A-E297A4892857}"
EndProject
Project("{8BC9CEB8-8B4A-11D0-8D11-00A0C91BC942}") = "02Tetris5", "02Tetris5\02Tetris5.vcxproj", "{4D9A5A01-1CBE-411E-90C5-00DFA00900A2}"
EndProject
Project("{8BC9CEB8-8B4A-11D0-8D11-00A0C91BC942}") = "03Tank5", "03Tank5\03Tank5.vcxproj", "{BB6BF45F-F374-4158-B9C5-941B52DE3F05}"
EndProject
Project("{8BC9CEB8-8B4A-11D0-8D11-00A0C91BC942}") = "04Plane1", "04Plane1\04Plane1.vcxproj", "{1717C7A4-261C-4915-828F-C2056D7E46ED}"
EndProject
Project("{8BC9CEB8-8B4A-11D0-8D11-00A0C91BC942}") = "04Plane5", "04Plane5\04Plane5.vcxproj", "{52D1FFFF-C80E-4AC1-8563-51FFB1C9030D}"
EndProject
Global
	GlobalSection(SolutionConfigurationPlatforms) = preSolution
		Debug|x64 = Debug|x64
		Debug|x86 = Debug|x86
		Release|x64 = Release|x64
		Release|x86 = Release|x86
	EndGlobalSection
	GlobalSection(ProjectConfigurationPlatforms) = postSolution
		{CE784B4C-DE9C-45B3-9CEA-32B63A8A6D90}.Debug|x64.ActiveCfg = Debug|x64
		{CE784B4C-DE9C-45B3-9CEA-32B63A8A6D90}.Debug|x64.Build.0 = Debug|x64
		{CE784B4C-DE9C-45B3-9CEA-32B63A8A6D90}.Debug|x86.ActiveCfg = Debug|Win32
		{CE784B4C-DE9C-45B3-9CEA-32B63A8A6D90}.Debug|x86.Build.0 = Debug|Win32
		{CE784B4C-DE9C-45B3-9CEA-32B63A8A6D90}.Release|x64.ActiveCfg = Release|x64
		{CE784B4C-DE9C-45B3-9CEA-32B63A8A6D90}.Release|x64.Build.0 = Release|x64
		{CE784B4C-DE9C-45B3-9CEA-32B63A8A6D90}.Release|x86.ActiveCfg = Release|Win32
		{CE784B4C-DE9C-45B3-9CEA-32B63A8A6D90}.Release|x86.Build.0 = Release|Win32
		{0510C624-8BB7-456B-A803-53F15C625878}.Debug|x64.ActiveCfg = Debug|x64
		{0510C624-8BB7-456B-A803-53F15C625878}.Debug|x64.Build.0 = Debug|x64
		{0510C624-8BB7-456B-A803-53F15C625878}.Debug|x86.ActiveCfg = Debug|Win32
		{0510C624-8BB7-456B-A803-53F15C625878}.Debug|x86.Build.0 = Debug|Win32
		{0510C624-8BB7-456B-A803-53F15C625878}.Release|x64.ActiveCfg = Release|x64
		{0510C624-8BB7-456B-A803-53F15C625878}.Release|x64.Build.0 = Release|x64
		{0510C624-8BB7-456B-A803-53F15C625878}.Release|x86.ActiveCfg = Release|Win32
		{0510C624-8BB7-456B-A803-53F15C625878}.Release|x86.Build.0 = Release|Win32
		{DA92D5F0-1545-4DC3-ABC5-4C3D8DF264FD}.Debug|x64.ActiveCfg = Debug|x64
		{DA92D5F0-1545-4DC3-ABC5-4C3D8DF264FD}.Debug|x64.Build.0 = Debug|x64
		{DA92D5F0-1545-4DC3-ABC5-4C3D8DF264FD}.Debug|x86.ActiveCfg = Debug|Win32
		{DA92D5F0-1545-4DC3-ABC5-4C3D8DF264FD}.Debug|x86.Build.0 = Debug|Win32
		{DA92D5F0-1545-4DC3-ABC5-4C3D8DF264FD}.Release|x64.ActiveCfg = Release|x64
		{DA92D5F0-1545-4DC3-ABC5-4C3D8DF264FD}.Release|x64.Build.0 = Release|x64
		{DA92D5F0-1545-4DC3-ABC5-4C3D8DF264FD}.Release|x86.ActiveCfg = Release|Win32
		{DA92D5F0-1545-4DC3-ABC5-4C3D8DF264FD}.Release|x86.Build.0 = Release|Win32
		{BA3E4024-4E02-4952-923A-E297A4892857}.Debug|x64.ActiveCfg = Debug|x64
		{BA3E4024-4E02-4952-923A-E297A4892857}.Debug|x64.Build.0 = Debug|x64
		{BA3E4024-4E02-4952-923A-E297A4892857}.Debug|x86.ActiveCfg = Debug|Win32
		{BA3E4024-4E02-4952-923A-E297A4892857}.Debug|x86.Build.0 = Debug|Win32
		{BA3E4024-4E02-4952-923A-E297A4892857}.Release|x64.ActiveCfg = Release|x64
		{BA3E4024-4E02-4952-923A-E297A4892857}.Release|x64.Build.0 = Release|x64
		{BA3E4024-4E02-4952-923A-E297A4892857}.Release|x86.ActiveCfg = Release|Win32
		{BA3E4024-4E02-4952-923A-E297A4892857}.Release|x86.Build.0 = Release|Win32
		{4D9A5A01-1CBE-411E-90C5-00DFA00900A2}.Debug|x64.ActiveCfg = Debug|x64
		{4D9A5A01-1CBE-411E-90C5-00DFA00900A2}.Debug|x64.Build.0 = Debug|x64
		{4D9A5A01-1CBE-411E-90C5-00DFA00900A2}.Debug|x86.ActiveCfg = Debug|Win32
		{4D9A5A01-1CBE-411E-90C5-00DFA00900A2}.Debug|x86.Build.0 = Debug|Win32
		{4D9A5A01-1CBE-411E-90C5-00DFA00900A2}.Release|x64.ActiveCfg = Release|x64
		{4D9A5A01-1CBE-411E-90C5-00DFA00900A2}.Release|x64.Build.0 = Release|x64
		{4D9A5A01-1CBE-411E-90C5-00DFA00900A2}.Release|x86.ActiveCfg = Release|Win32
		{4D9A5A01-1CBE-411E-90C5-00DFA00900A2}.Release|x86.Build.0 = Release|Win32
		{BB6BF45F-F374-4158-B9C5-941B52DE3F05}.Debug|x64.ActiveCfg = Debug|x64
		{BB6BF45F-F374-4158-B9C5-941B52DE3F05}.Debug|x64.Build.0 = Debug|x64
		{BB6BF45F-F374-4158-B9C5-941B52DE3F05}.Debug|x86.ActiveCfg = Debug|Win32
		{BB6BF45F-F374-4158-B9C5-941B52DE3F05}.Debug|x86.Build.0 = Debug|Win32
		{BB6BF45F-F374-4158-B9C5-941B52DE3F05}.Release|x64.ActiveCfg = Release|x64
		{BB6BF45F-F374-4158-B9C5-941B52DE3F05}.Release|x64.Build.0 = Release|x64
		{BB6BF45F-F374-4158-B9C5-941B52DE3F05}.Release|x86.ActiveCfg = Release|Win32
		{BB6BF45F-F374-4158-B9C5-941B52DE3F05}.Release|x86.Build.0 = Release|Win32
		{1717C7A4-261C-4915-828F-C2056D7E46ED}.Debug|x64.ActiveCfg = Debug|x64
		{1717C7A4-261C-4915-828F-C2056D7E46ED}.Debug|x64.Build.0 = Debug|x64
		{1717C7A4-261C-4915-828F-C2056D7E46ED}.Debug|x86.ActiveCfg = Debug|Win32
		{1717C7A4-261C-4915-828F-C2056D7E46ED}.Debug|x86.Build.0 = Debug|Win32
		{1717C7A4-261C-4915-828F-C2056D7E46ED}.Release|x64.ActiveCfg = Release|x64
		{1717C7A4-261C-4915-828F-C2056D7E46ED}.Release|x64.Build.0 = Release|x64
		{1717C7A4-261C-4915-828F-C2056D7E46ED}.Release|x86.ActiveCfg = Release|Win32
		{1717C7A4-261C-4915-828F-C2056D7E46ED}.Release|x86.Build.0 = Release|Win32
		{52D1FFFF-C80E-4AC1-8563-51FFB1C9030D}.Debug|x64.ActiveCfg = Debug|x64
		{52D1FFFF-C80E-4AC1-8563-51FFB1C9030D}.Debug|x64.Build.0 = Debug|x64
		{52D1FFFF-C80E-4AC1-8563-51FFB1C9030D}.Debug|x86.ActiveCfg = Debug|Win32
		{52D1FFFF-C80E-4AC1-8563-51FFB1C9030D}.Debug|x86.Build.0 = Debug|Win32
		{52D1FFFF-C80E-4AC1-8563-51FFB1C9030D}.Release|x64.ActiveCfg = Release|x64
		{52D1FFFF-C80E-4AC1-8563-51FFB1C9030D}.Release|x64.Build.0 = Release|x64
		{52D1FFFF-C80E-4AC1-8563-51FFB1C9030D}.Release|x86.ActiveCfg = Release|Win32
		{52D1FFFF-C80E-4AC1-8563-51FFB1C9030D}.Release|x86.Build.0 = Release|Win32
	EndGlobalSection
	GlobalSection(SolutionProperties) = preSolution
		HideSolutionNode = FALSE
	EndGlobalSection
	GlobalSection(ExtensibilityGlobals) = postSolution
		SolutionGuid = {D06D22A2-9BC6-4271-8099-3E73FA5884B1}
	EndGlobalSection
EndGlobal
