
Microsoft Visual Studio Solution File, Format Version 12.00
# Visual Studio Version 16
VisualStudioVersion = 16.0.29728.190
MinimumVisualStudioVersion = 10.0.40219.1
Project("{8BC9CEB8-8B4A-11D0-8D11-00A0C91BC942}") = "MyEasyX", "MyEasyX\MyEasyX.vcxproj", "{33D3CD9D-8E73-45CC-902D-011D18BC6BB4}"
EndProject
Project("{8BC9CEB8-8B4A-11D0-8D11-00A0C91BC942}") = "Demo01", "Demo01\Demo01.vcxproj", "{E82E6BF1-1773-4723-8596-D81A8D753A69}"
EndProject
Project("{8BC9CEB8-8B4A-11D0-8D11-00A0C91BC942}") = "Demo02", "Demo02\Demo02.vcxproj", "{46AF51CF-2587-4EF5-9D49-68A1D3D0BCFD}"
EndProject
Project("{8BC9CEB8-8B4A-11D0-8D11-00A0C91BC942}") = "弹跳球", "弹跳球\弹跳球.vcxproj", "{40E84000-EF65-4833-ACDE-94A963FB5ED9}"
EndProject
Project("{8BC9CEB8-8B4A-11D0-8D11-00A0C91BC942}") = "飞机游戏", "飞机游戏\飞机游戏.vcxproj", "{C1C10859-5639-42A4-AB2A-039399109839}"
EndProject
Project("{8BC9CEB8-8B4A-11D0-8D11-00A0C91BC942}") = "游戏框架", "游戏框架\游戏框架.vcxproj", "{E03F0AFE-FF77-4CC7-B1D2-7063DE561FC4}"
EndProject
Project("{8BC9CEB8-8B4A-11D0-8D11-00A0C91BC942}") = "飞机游戏1.0", "飞机游戏1.0\飞机游戏1.0.vcxproj", "{6CFF0363-F0C7-4ECD-83B4-280A118B6B6B}"
EndProject
Project("{8BC9CEB8-8B4A-11D0-8D11-00A0C91BC942}") = "反弹球消砖块", "反弹球消砖块\反弹球消砖块.vcxproj", "{CC7F2FF5-5FB4-48CB-ACB4-6C83959946C1}"
EndProject
Project("{8BC9CEB8-8B4A-11D0-8D11-00A0C91BC942}") = "下落的小鸟", "下落的小鸟\下落的小鸟.vcxproj", "{983BED1B-2C03-4E55-9037-472CCFA82D34}"
EndProject
Global
	GlobalSection(SolutionConfigurationPlatforms) = preSolution
		Debug|x64 = Debug|x64
		Debug|x86 = Debug|x86
		Release|x64 = Release|x64
		Release|x86 = Release|x86
	EndGlobalSection
	GlobalSection(ProjectConfigurationPlatforms) = postSolution
		{33D3CD9D-8E73-45CC-902D-011D18BC6BB4}.Debug|x64.ActiveCfg = Debug|x64
		{33D3CD9D-8E73-45CC-902D-011D18BC6BB4}.Debug|x64.Build.0 = Debug|x64
		{33D3CD9D-8E73-45CC-902D-011D18BC6BB4}.Debug|x86.ActiveCfg = Debug|Win32
		{33D3CD9D-8E73-45CC-902D-011D18BC6BB4}.Debug|x86.Build.0 = Debug|Win32
		{33D3CD9D-8E73-45CC-902D-011D18BC6BB4}.Release|x64.ActiveCfg = Release|x64
		{33D3CD9D-8E73-45CC-902D-011D18BC6BB4}.Release|x64.Build.0 = Release|x64
		{33D3CD9D-8E73-45CC-902D-011D18BC6BB4}.Release|x86.ActiveCfg = Release|Win32
		{33D3CD9D-8E73-45CC-902D-011D18BC6BB4}.Release|x86.Build.0 = Release|Win32
		{E82E6BF1-1773-4723-8596-D81A8D753A69}.Debug|x64.ActiveCfg = Debug|x64
		{E82E6BF1-1773-4723-8596-D81A8D753A69}.Debug|x64.Build.0 = Debug|x64
		{E82E6BF1-1773-4723-8596-D81A8D753A69}.Debug|x86.ActiveCfg = Debug|Win32
		{E82E6BF1-1773-4723-8596-D81A8D753A69}.Debug|x86.Build.0 = Debug|Win32
		{E82E6BF1-1773-4723-8596-D81A8D753A69}.Release|x64.ActiveCfg = Release|x64
		{E82E6BF1-1773-4723-8596-D81A8D753A69}.Release|x64.Build.0 = Release|x64
		{E82E6BF1-1773-4723-8596-D81A8D753A69}.Release|x86.ActiveCfg = Release|Win32
		{E82E6BF1-1773-4723-8596-D81A8D753A69}.Release|x86.Build.0 = Release|Win32
		{46AF51CF-2587-4EF5-9D49-68A1D3D0BCFD}.Debug|x64.ActiveCfg = Debug|x64
		{46AF51CF-2587-4EF5-9D49-68A1D3D0BCFD}.Debug|x64.Build.0 = Debug|x64
		{46AF51CF-2587-4EF5-9D49-68A1D3D0BCFD}.Debug|x86.ActiveCfg = Debug|Win32
		{46AF51CF-2587-4EF5-9D49-68A1D3D0BCFD}.Debug|x86.Build.0 = Debug|Win32
		{46AF51CF-2587-4EF5-9D49-68A1D3D0BCFD}.Release|x64.ActiveCfg = Release|x64
		{46AF51CF-2587-4EF5-9D49-68A1D3D0BCFD}.Release|x64.Build.0 = Release|x64
		{46AF51CF-2587-4EF5-9D49-68A1D3D0BCFD}.Release|x86.ActiveCfg = Release|Win32
		{46AF51CF-2587-4EF5-9D49-68A1D3D0BCFD}.Release|x86.Build.0 = Release|Win32
		{40E84000-EF65-4833-ACDE-94A963FB5ED9}.Debug|x64.ActiveCfg = Debug|x64
		{40E84000-EF65-4833-ACDE-94A963FB5ED9}.Debug|x64.Build.0 = Debug|x64
		{40E84000-EF65-4833-ACDE-94A963FB5ED9}.Debug|x86.ActiveCfg = Debug|Win32
		{40E84000-EF65-4833-ACDE-94A963FB5ED9}.Debug|x86.Build.0 = Debug|Win32
		{40E84000-EF65-4833-ACDE-94A963FB5ED9}.Release|x64.ActiveCfg = Release|x64
		{40E84000-EF65-4833-ACDE-94A963FB5ED9}.Release|x64.Build.0 = Release|x64
		{40E84000-EF65-4833-ACDE-94A963FB5ED9}.Release|x86.ActiveCfg = Release|Win32
		{40E84000-EF65-4833-ACDE-94A963FB5ED9}.Release|x86.Build.0 = Release|Win32
		{C1C10859-5639-42A4-AB2A-039399109839}.Debug|x64.ActiveCfg = Debug|x64
		{C1C10859-5639-42A4-AB2A-039399109839}.Debug|x64.Build.0 = Debug|x64
		{C1C10859-5639-42A4-AB2A-039399109839}.Debug|x86.ActiveCfg = Debug|Win32
		{C1C10859-5639-42A4-AB2A-039399109839}.Debug|x86.Build.0 = Debug|Win32
		{C1C10859-5639-42A4-AB2A-039399109839}.Release|x64.ActiveCfg = Release|x64
		{C1C10859-5639-42A4-AB2A-039399109839}.Release|x64.Build.0 = Release|x64
		{C1C10859-5639-42A4-AB2A-039399109839}.Release|x86.ActiveCfg = Release|Win32
		{C1C10859-5639-42A4-AB2A-039399109839}.Release|x86.Build.0 = Release|Win32
		{E03F0AFE-FF77-4CC7-B1D2-7063DE561FC4}.Debug|x64.ActiveCfg = Debug|x64
		{E03F0AFE-FF77-4CC7-B1D2-7063DE561FC4}.Debug|x64.Build.0 = Debug|x64
		{E03F0AFE-FF77-4CC7-B1D2-7063DE561FC4}.Debug|x86.ActiveCfg = Debug|Win32
		{E03F0AFE-FF77-4CC7-B1D2-7063DE561FC4}.Debug|x86.Build.0 = Debug|Win32
		{E03F0AFE-FF77-4CC7-B1D2-7063DE561FC4}.Release|x64.ActiveCfg = Release|x64
		{E03F0AFE-FF77-4CC7-B1D2-7063DE561FC4}.Release|x64.Build.0 = Release|x64
		{E03F0AFE-FF77-4CC7-B1D2-7063DE561FC4}.Release|x86.ActiveCfg = Release|Win32
		{E03F0AFE-FF77-4CC7-B1D2-7063DE561FC4}.Release|x86.Build.0 = Release|Win32
		{6CFF0363-F0C7-4ECD-83B4-280A118B6B6B}.Debug|x64.ActiveCfg = Debug|x64
		{6CFF0363-F0C7-4ECD-83B4-280A118B6B6B}.Debug|x64.Build.0 = Debug|x64
		{6CFF0363-F0C7-4ECD-83B4-280A118B6B6B}.Debug|x86.ActiveCfg = Debug|Win32
		{6CFF0363-F0C7-4ECD-83B4-280A118B6B6B}.Debug|x86.Build.0 = Debug|Win32
		{6CFF0363-F0C7-4ECD-83B4-280A118B6B6B}.Release|x64.ActiveCfg = Release|x64
		{6CFF0363-F0C7-4ECD-83B4-280A118B6B6B}.Release|x64.Build.0 = Release|x64
		{6CFF0363-F0C7-4ECD-83B4-280A118B6B6B}.Release|x86.ActiveCfg = Release|Win32
		{6CFF0363-F0C7-4ECD-83B4-280A118B6B6B}.Release|x86.Build.0 = Release|Win32
		{CC7F2FF5-5FB4-48CB-ACB4-6C83959946C1}.Debug|x64.ActiveCfg = Debug|x64
		{CC7F2FF5-5FB4-48CB-ACB4-6C83959946C1}.Debug|x64.Build.0 = Debug|x64
		{CC7F2FF5-5FB4-48CB-ACB4-6C83959946C1}.Debug|x86.ActiveCfg = Debug|Win32
		{CC7F2FF5-5FB4-48CB-ACB4-6C83959946C1}.Debug|x86.Build.0 = Debug|Win32
		{CC7F2FF5-5FB4-48CB-ACB4-6C83959946C1}.Release|x64.ActiveCfg = Release|x64
		{CC7F2FF5-5FB4-48CB-ACB4-6C83959946C1}.Release|x64.Build.0 = Release|x64
		{CC7F2FF5-5FB4-48CB-ACB4-6C83959946C1}.Release|x86.ActiveCfg = Release|Win32
		{CC7F2FF5-5FB4-48CB-ACB4-6C83959946C1}.Release|x86.Build.0 = Release|Win32
		{983BED1B-2C03-4E55-9037-472CCFA82D34}.Debug|x64.ActiveCfg = Debug|x64
		{983BED1B-2C03-4E55-9037-472CCFA82D34}.Debug|x64.Build.0 = Debug|x64
		{983BED1B-2C03-4E55-9037-472CCFA82D34}.Debug|x86.ActiveCfg = Debug|Win32
		{983BED1B-2C03-4E55-9037-472CCFA82D34}.Debug|x86.Build.0 = Debug|Win32
		{983BED1B-2C03-4E55-9037-472CCFA82D34}.Release|x64.ActiveCfg = Release|x64
		{983BED1B-2C03-4E55-9037-472CCFA82D34}.Release|x64.Build.0 = Release|x64
		{983BED1B-2C03-4E55-9037-472CCFA82D34}.Release|x86.ActiveCfg = Release|Win32
		{983BED1B-2C03-4E55-9037-472CCFA82D34}.Release|x86.Build.0 = Release|Win32
	EndGlobalSection
	GlobalSection(SolutionProperties) = preSolution
		HideSolutionNode = FALSE
	EndGlobalSection
	GlobalSection(ExtensibilityGlobals) = postSolution
		SolutionGuid = {81001320-ADBA-43D4-B9C1-1D1FB76BB665}
	EndGlobalSection
EndGlobal
