
Microsoft Visual Studio Solution File, Format Version 12.00
# Visual Studio Version 16
VisualStudioVersion = 16.0.29728.190
MinimumVisualStudioVersion = 10.0.40219.1
Project("{8BC9CEB8-8B4A-11D0-8D11-00A0C91BC942}") = "MyEasyX", "MyEasyX\MyEasyX.vcxproj", "{33D3CD9D-8E73-45CC-902D-011D18BC6BB4}"
EndProject
Project("{8BC9CEB8-8B4A-11D0-8D11-00A0C91BC942}") = "弹跳球", "弹跳球\弹跳球.vcxproj", "{40E84000-EF65-4833-ACDE-94A963FB5ED9}"
EndProject
Project("{8BC9CEB8-8B4A-11D0-8D11-00A0C91BC942}") = "飞机游戏", "飞机游戏\飞机游戏.vcxproj", "{C1C10859-5639-42A4-AB2A-039399109839}"
EndProject
Project("{8BC9CEB8-8B4A-11D0-8D11-00A0C91BC942}") = "游戏框架", "游戏框架\游戏框架.vcxproj", "{E03F0AFE-FF77-4CC7-B1D2-7063DE561FC4}"
EndProject
Project("{8BC9CEB8-8B4A-11D0-8D11-00A0C91BC942}") = "飞机游戏1.0", "飞机游戏1.0\飞机游戏1.0.vcxproj", "{6CFF0363-F0C7-4ECD-83B4-280A118B6B6B}"
EndProject
Project("{8BC9CEB8-8B4A-11D0-8D11-00A0C91BC942}") = "反弹球消砖块", "反弹球消砖块\反弹球消砖块.vcxproj", "{CC7F2FF5-5FB4-48CB-ACB4-6C83959946C1}"
EndProject
Project("{8BC9CEB8-8B4A-11D0-8D11-00A0C91BC942}") = "下落的小鸟", "下落的小鸟\下落的小鸟.vcxproj", "{983BED1B-2C03-4E55-9037-472CCFA82D34}"
EndProject
Project("{8BC9CEB8-8B4A-11D0-8D11-00A0C91BC942}") = "空战游戏", "空战游戏\空战游戏.vcxproj", "{41055A6A-CE3E-438C-9DA0-3AF4784A00CC}"
EndProject
Project("{8BC9CEB8-8B4A-11D0-8D11-00A0C91BC942}") = "贪吃蛇", "贪吃蛇\贪吃蛇.vcxproj", "{277423CA-FCD7-45C6-BCB5-EC559ED460B2}"
EndProject
Project("{8BC9CEB8-8B4A-11D0-8D11-00A0C91BC942}") = "反弹球消砖", "反弹球消砖\反弹球消砖.vcxproj", "{AC1A37AA-7183-44F8-9B0D-E0CF6646577F}"
EndProject
Project("{8BC9CEB8-8B4A-11D0-8D11-00A0C91BC942}") = "画一个实心圆", "画一个实心圆\画一个实心圆.vcxproj", "{B5A1064F-ECE5-471E-80FA-D85DA49C1C1C}"
EndProject
Project("{8BC9CEB8-8B4A-11D0-8D11-00A0C91BC942}") = "画多条颜色渐变的直线", "画多条颜色渐变的直线\画多条颜色渐变的直线.vcxproj", "{7FE8E33F-F4E9-4C44-9176-B1A52402AAE3}"
EndProject
Project("{8BC9CEB8-8B4A-11D0-8D11-00A0C91BC942}") = "红蓝交替画线", "红蓝交替画线\红蓝交替画线.vcxproj", "{41EAFE8A-C65F-4D2B-B691-D18A352D14B2}"
EndProject
Project("{8BC9CEB8-8B4A-11D0-8D11-00A0C91BC942}") = "小球移动", "小球移动\小球移动.vcxproj", "{B2A700DE-DDC5-4981-9FAA-77145E831154}"
EndProject
Project("{8BC9CEB8-8B4A-11D0-8D11-00A0C91BC942}") = "时钟", "时钟\时钟.vcxproj", "{620B5ACA-4EF2-4D82-A8BE-C0DC5BD75524}"
EndProject
Project("{8BC9CEB8-8B4A-11D0-8D11-00A0C91BC942}") = "鼠标交互", "鼠标交互\鼠标交互.vcxproj", "{E028A42F-DF02-4A52-8274-F888BDC2DA34}"
EndProject
Project("{8BC9CEB8-8B4A-11D0-8D11-00A0C91BC942}") = "下落的小鸟1", "下落的小鸟1\下落的小鸟1.vcxproj", "{5E111868-D8AF-403B-AF4E-83542D06E99F}"
EndProject
Project("{8BC9CEB8-8B4A-11D0-8D11-00A0C91BC942}") = "飞机游戏2.0", "飞机游戏2.0\飞机游戏2.0.vcxproj", "{AA31474F-F6F5-471D-A442-76922D317209}"
EndProject
Project("{8BC9CEB8-8B4A-11D0-8D11-00A0C91BC942}") = "行走素材", "行走素材\行走素材.vcxproj", "{90E4BFEE-6CEE-4CEE-B780-0DC5DF47F09C}"
EndProject
Project("{8BC9CEB8-8B4A-11D0-8D11-00A0C91BC942}") = "双人游戏异步输入", "双人游戏异步输入\双人游戏异步输入.vcxproj", "{F3F7884D-436A-4113-BA9E-F6AA65D5FE5C}"
EndProject
Project("{8BC9CEB8-8B4A-11D0-8D11-00A0C91BC942}") = "飞机游戏3.0", "飞机游戏3.0\飞机游戏3.0.vcxproj", "{D8C6988B-9CD3-40BD-81F4-2D9536F3B5F3}"
EndProject
Project("{8BC9CEB8-8B4A-11D0-8D11-00A0C91BC942}") = "飞机游戏3.1", "飞机游戏3.1\飞机游戏3.1.vcxproj", "{816C6148-B5A9-4F61-9A51-C0FF2C5C5858}"
EndProject
Project("{8BC9CEB8-8B4A-11D0-8D11-00A0C91BC942}") = "飞机游戏4.0", "飞机游戏4.0\飞机游戏4.0.vcxproj", "{EF0E3943-E10F-4BF8-982D-F5F7A7CADA5D}"
EndProject
Project("{8BC9CEB8-8B4A-11D0-8D11-00A0C91BC942}") = "飞机游戏5.0", "飞机游戏5.0\飞机游戏5.0.vcxproj", "{1976B7AE-00CC-46C7-A49E-0D194076778C}"
EndProject
Project("{8BC9CEB8-8B4A-11D0-8D11-00A0C91BC942}") = "俄罗斯方块", "俄罗斯方块\俄罗斯方块.vcxproj", "{CBB55F04-0D16-4E46-B302-F1A88A262C60}"
EndProject
Global
	GlobalSection(SolutionConfigurationPlatforms) = preSolution
		Debug|x64 = Debug|x64
		Debug|x86 = Debug|x86
		Release|x64 = Release|x64
		Release|x86 = Release|x86
	EndGlobalSection
	GlobalSection(ProjectConfigurationPlatforms) = postSolution
		{33D3CD9D-8E73-45CC-902D-011D18BC6BB4}.Debug|x64.ActiveCfg = Debug|x64
		{33D3CD9D-8E73-45CC-902D-011D18BC6BB4}.Debug|x64.Build.0 = Debug|x64
		{33D3CD9D-8E73-45CC-902D-011D18BC6BB4}.Debug|x86.ActiveCfg = Debug|Win32
		{33D3CD9D-8E73-45CC-902D-011D18BC6BB4}.Debug|x86.Build.0 = Debug|Win32
		{33D3CD9D-8E73-45CC-902D-011D18BC6BB4}.Release|x64.ActiveCfg = Release|x64
		{33D3CD9D-8E73-45CC-902D-011D18BC6BB4}.Release|x64.Build.0 = Release|x64
		{33D3CD9D-8E73-45CC-902D-011D18BC6BB4}.Release|x86.ActiveCfg = Release|Win32
		{33D3CD9D-8E73-45CC-902D-011D18BC6BB4}.Release|x86.Build.0 = Release|Win32
		{40E84000-EF65-4833-ACDE-94A963FB5ED9}.Debug|x64.ActiveCfg = Debug|x64
		{40E84000-EF65-4833-ACDE-94A963FB5ED9}.Debug|x64.Build.0 = Debug|x64
		{40E84000-EF65-4833-ACDE-94A963FB5ED9}.Debug|x86.ActiveCfg = Debug|Win32
		{40E84000-EF65-4833-ACDE-94A963FB5ED9}.Debug|x86.Build.0 = Debug|Win32
		{40E84000-EF65-4833-ACDE-94A963FB5ED9}.Release|x64.ActiveCfg = Release|x64
		{40E84000-EF65-4833-ACDE-94A963FB5ED9}.Release|x64.Build.0 = Release|x64
		{40E84000-EF65-4833-ACDE-94A963FB5ED9}.Release|x86.ActiveCfg = Release|Win32
		{40E84000-EF65-4833-ACDE-94A963FB5ED9}.Release|x86.Build.0 = Release|Win32
		{C1C10859-5639-42A4-AB2A-039399109839}.Debug|x64.ActiveCfg = Debug|x64
		{C1C10859-5639-42A4-AB2A-039399109839}.Debug|x64.Build.0 = Debug|x64
		{C1C10859-5639-42A4-AB2A-039399109839}.Debug|x86.ActiveCfg = Debug|Win32
		{C1C10859-5639-42A4-AB2A-039399109839}.Debug|x86.Build.0 = Debug|Win32
		{C1C10859-5639-42A4-AB2A-039399109839}.Release|x64.ActiveCfg = Release|x64
		{C1C10859-5639-42A4-AB2A-039399109839}.Release|x64.Build.0 = Release|x64
		{C1C10859-5639-42A4-AB2A-039399109839}.Release|x86.ActiveCfg = Release|Win32
		{C1C10859-5639-42A4-AB2A-039399109839}.Release|x86.Build.0 = Release|Win32
		{E03F0AFE-FF77-4CC7-B1D2-7063DE561FC4}.Debug|x64.ActiveCfg = Debug|x64
		{E03F0AFE-FF77-4CC7-B1D2-7063DE561FC4}.Debug|x64.Build.0 = Debug|x64
		{E03F0AFE-FF77-4CC7-B1D2-7063DE561FC4}.Debug|x86.ActiveCfg = Debug|Win32
		{E03F0AFE-FF77-4CC7-B1D2-7063DE561FC4}.Debug|x86.Build.0 = Debug|Win32
		{E03F0AFE-FF77-4CC7-B1D2-7063DE561FC4}.Release|x64.ActiveCfg = Release|x64
		{E03F0AFE-FF77-4CC7-B1D2-7063DE561FC4}.Release|x64.Build.0 = Release|x64
		{E03F0AFE-FF77-4CC7-B1D2-7063DE561FC4}.Release|x86.ActiveCfg = Release|Win32
		{E03F0AFE-FF77-4CC7-B1D2-7063DE561FC4}.Release|x86.Build.0 = Release|Win32
		{6CFF0363-F0C7-4ECD-83B4-280A118B6B6B}.Debug|x64.ActiveCfg = Debug|x64
		{6CFF0363-F0C7-4ECD-83B4-280A118B6B6B}.Debug|x64.Build.0 = Debug|x64
		{6CFF0363-F0C7-4ECD-83B4-280A118B6B6B}.Debug|x86.ActiveCfg = Debug|Win32
		{6CFF0363-F0C7-4ECD-83B4-280A118B6B6B}.Debug|x86.Build.0 = Debug|Win32
		{6CFF0363-F0C7-4ECD-83B4-280A118B6B6B}.Release|x64.ActiveCfg = Release|x64
		{6CFF0363-F0C7-4ECD-83B4-280A118B6B6B}.Release|x64.Build.0 = Release|x64
		{6CFF0363-F0C7-4ECD-83B4-280A118B6B6B}.Release|x86.ActiveCfg = Release|Win32
		{6CFF0363-F0C7-4ECD-83B4-280A118B6B6B}.Release|x86.Build.0 = Release|Win32
		{CC7F2FF5-5FB4-48CB-ACB4-6C83959946C1}.Debug|x64.ActiveCfg = Debug|x64
		{CC7F2FF5-5FB4-48CB-ACB4-6C83959946C1}.Debug|x64.Build.0 = Debug|x64
		{CC7F2FF5-5FB4-48CB-ACB4-6C83959946C1}.Debug|x86.ActiveCfg = Debug|Win32
		{CC7F2FF5-5FB4-48CB-ACB4-6C83959946C1}.Debug|x86.Build.0 = Debug|Win32
		{CC7F2FF5-5FB4-48CB-ACB4-6C83959946C1}.Release|x64.ActiveCfg = Release|x64
		{CC7F2FF5-5FB4-48CB-ACB4-6C83959946C1}.Release|x64.Build.0 = Release|x64
		{CC7F2FF5-5FB4-48CB-ACB4-6C83959946C1}.Release|x86.ActiveCfg = Release|Win32
		{CC7F2FF5-5FB4-48CB-ACB4-6C83959946C1}.Release|x86.Build.0 = Release|Win32
		{983BED1B-2C03-4E55-9037-472CCFA82D34}.Debug|x64.ActiveCfg = Debug|x64
		{983BED1B-2C03-4E55-9037-472CCFA82D34}.Debug|x64.Build.0 = Debug|x64
		{983BED1B-2C03-4E55-9037-472CCFA82D34}.Debug|x86.ActiveCfg = Debug|Win32
		{983BED1B-2C03-4E55-9037-472CCFA82D34}.Debug|x86.Build.0 = Debug|Win32
		{983BED1B-2C03-4E55-9037-472CCFA82D34}.Release|x64.ActiveCfg = Release|x64
		{983BED1B-2C03-4E55-9037-472CCFA82D34}.Release|x64.Build.0 = Release|x64
		{983BED1B-2C03-4E55-9037-472CCFA82D34}.Release|x86.ActiveCfg = Release|Win32
		{983BED1B-2C03-4E55-9037-472CCFA82D34}.Release|x86.Build.0 = Release|Win32
		{41055A6A-CE3E-438C-9DA0-3AF4784A00CC}.Debug|x64.ActiveCfg = Debug|x64
		{41055A6A-CE3E-438C-9DA0-3AF4784A00CC}.Debug|x64.Build.0 = Debug|x64
		{41055A6A-CE3E-438C-9DA0-3AF4784A00CC}.Debug|x86.ActiveCfg = Debug|Win32
		{41055A6A-CE3E-438C-9DA0-3AF4784A00CC}.Debug|x86.Build.0 = Debug|Win32
		{41055A6A-CE3E-438C-9DA0-3AF4784A00CC}.Release|x64.ActiveCfg = Release|x64
		{41055A6A-CE3E-438C-9DA0-3AF4784A00CC}.Release|x64.Build.0 = Release|x64
		{41055A6A-CE3E-438C-9DA0-3AF4784A00CC}.Release|x86.ActiveCfg = Release|Win32
		{41055A6A-CE3E-438C-9DA0-3AF4784A00CC}.Release|x86.Build.0 = Release|Win32
		{277423CA-FCD7-45C6-BCB5-EC559ED460B2}.Debug|x64.ActiveCfg = Debug|x64
		{277423CA-FCD7-45C6-BCB5-EC559ED460B2}.Debug|x64.Build.0 = Debug|x64
		{277423CA-FCD7-45C6-BCB5-EC559ED460B2}.Debug|x86.ActiveCfg = Debug|Win32
		{277423CA-FCD7-45C6-BCB5-EC559ED460B2}.Debug|x86.Build.0 = Debug|Win32
		{277423CA-FCD7-45C6-BCB5-EC559ED460B2}.Release|x64.ActiveCfg = Release|x64
		{277423CA-FCD7-45C6-BCB5-EC559ED460B2}.Release|x64.Build.0 = Release|x64
		{277423CA-FCD7-45C6-BCB5-EC559ED460B2}.Release|x86.ActiveCfg = Release|Win32
		{277423CA-FCD7-45C6-BCB5-EC559ED460B2}.Release|x86.Build.0 = Release|Win32
		{AC1A37AA-7183-44F8-9B0D-E0CF6646577F}.Debug|x64.ActiveCfg = Debug|x64
		{AC1A37AA-7183-44F8-9B0D-E0CF6646577F}.Debug|x64.Build.0 = Debug|x64
		{AC1A37AA-7183-44F8-9B0D-E0CF6646577F}.Debug|x86.ActiveCfg = Debug|Win32
		{AC1A37AA-7183-44F8-9B0D-E0CF6646577F}.Debug|x86.Build.0 = Debug|Win32
		{AC1A37AA-7183-44F8-9B0D-E0CF6646577F}.Release|x64.ActiveCfg = Release|x64
		{AC1A37AA-7183-44F8-9B0D-E0CF6646577F}.Release|x64.Build.0 = Release|x64
		{AC1A37AA-7183-44F8-9B0D-E0CF6646577F}.Release|x86.ActiveCfg = Release|Win32
		{AC1A37AA-7183-44F8-9B0D-E0CF6646577F}.Release|x86.Build.0 = Release|Win32
		{B5A1064F-ECE5-471E-80FA-D85DA49C1C1C}.Debug|x64.ActiveCfg = Debug|x64
		{B5A1064F-ECE5-471E-80FA-D85DA49C1C1C}.Debug|x64.Build.0 = Debug|x64
		{B5A1064F-ECE5-471E-80FA-D85DA49C1C1C}.Debug|x86.ActiveCfg = Debug|Win32
		{B5A1064F-ECE5-471E-80FA-D85DA49C1C1C}.Debug|x86.Build.0 = Debug|Win32
		{B5A1064F-ECE5-471E-80FA-D85DA49C1C1C}.Release|x64.ActiveCfg = Release|x64
		{B5A1064F-ECE5-471E-80FA-D85DA49C1C1C}.Release|x64.Build.0 = Release|x64
		{B5A1064F-ECE5-471E-80FA-D85DA49C1C1C}.Release|x86.ActiveCfg = Release|Win32
		{B5A1064F-ECE5-471E-80FA-D85DA49C1C1C}.Release|x86.Build.0 = Release|Win32
		{7FE8E33F-F4E9-4C44-9176-B1A52402AAE3}.Debug|x64.ActiveCfg = Debug|x64
		{7FE8E33F-F4E9-4C44-9176-B1A52402AAE3}.Debug|x64.Build.0 = Debug|x64
		{7FE8E33F-F4E9-4C44-9176-B1A52402AAE3}.Debug|x86.ActiveCfg = Debug|Win32
		{7FE8E33F-F4E9-4C44-9176-B1A52402AAE3}.Debug|x86.Build.0 = Debug|Win32
		{7FE8E33F-F4E9-4C44-9176-B1A52402AAE3}.Release|x64.ActiveCfg = Release|x64
		{7FE8E33F-F4E9-4C44-9176-B1A52402AAE3}.Release|x64.Build.0 = Release|x64
		{7FE8E33F-F4E9-4C44-9176-B1A52402AAE3}.Release|x86.ActiveCfg = Release|Win32
		{7FE8E33F-F4E9-4C44-9176-B1A52402AAE3}.Release|x86.Build.0 = Release|Win32
		{41EAFE8A-C65F-4D2B-B691-D18A352D14B2}.Debug|x64.ActiveCfg = Debug|x64
		{41EAFE8A-C65F-4D2B-B691-D18A352D14B2}.Debug|x64.Build.0 = Debug|x64
		{41EAFE8A-C65F-4D2B-B691-D18A352D14B2}.Debug|x86.ActiveCfg = Debug|Win32
		{41EAFE8A-C65F-4D2B-B691-D18A352D14B2}.Debug|x86.Build.0 = Debug|Win32
		{41EAFE8A-C65F-4D2B-B691-D18A352D14B2}.Release|x64.ActiveCfg = Release|x64
		{41EAFE8A-C65F-4D2B-B691-D18A352D14B2}.Release|x64.Build.0 = Release|x64
		{41EAFE8A-C65F-4D2B-B691-D18A352D14B2}.Release|x86.ActiveCfg = Release|Win32
		{41EAFE8A-C65F-4D2B-B691-D18A352D14B2}.Release|x86.Build.0 = Release|Win32
		{B2A700DE-DDC5-4981-9FAA-77145E831154}.Debug|x64.ActiveCfg = Debug|x64
		{B2A700DE-DDC5-4981-9FAA-77145E831154}.Debug|x64.Build.0 = Debug|x64
		{B2A700DE-DDC5-4981-9FAA-77145E831154}.Debug|x86.ActiveCfg = Debug|Win32
		{B2A700DE-DDC5-4981-9FAA-77145E831154}.Debug|x86.Build.0 = Debug|Win32
		{B2A700DE-DDC5-4981-9FAA-77145E831154}.Release|x64.ActiveCfg = Release|x64
		{B2A700DE-DDC5-4981-9FAA-77145E831154}.Release|x64.Build.0 = Release|x64
		{B2A700DE-DDC5-4981-9FAA-77145E831154}.Release|x86.ActiveCfg = Release|Win32
		{B2A700DE-DDC5-4981-9FAA-77145E831154}.Release|x86.Build.0 = Release|Win32
		{620B5ACA-4EF2-4D82-A8BE-C0DC5BD75524}.Debug|x64.ActiveCfg = Debug|x64
		{620B5ACA-4EF2-4D82-A8BE-C0DC5BD75524}.Debug|x64.Build.0 = Debug|x64
		{620B5ACA-4EF2-4D82-A8BE-C0DC5BD75524}.Debug|x86.ActiveCfg = Debug|Win32
		{620B5ACA-4EF2-4D82-A8BE-C0DC5BD75524}.Debug|x86.Build.0 = Debug|Win32
		{620B5ACA-4EF2-4D82-A8BE-C0DC5BD75524}.Release|x64.ActiveCfg = Release|x64
		{620B5ACA-4EF2-4D82-A8BE-C0DC5BD75524}.Release|x64.Build.0 = Release|x64
		{620B5ACA-4EF2-4D82-A8BE-C0DC5BD75524}.Release|x86.ActiveCfg = Release|Win32
		{620B5ACA-4EF2-4D82-A8BE-C0DC5BD75524}.Release|x86.Build.0 = Release|Win32
		{E028A42F-DF02-4A52-8274-F888BDC2DA34}.Debug|x64.ActiveCfg = Debug|x64
		{E028A42F-DF02-4A52-8274-F888BDC2DA34}.Debug|x64.Build.0 = Debug|x64
		{E028A42F-DF02-4A52-8274-F888BDC2DA34}.Debug|x86.ActiveCfg = Debug|Win32
		{E028A42F-DF02-4A52-8274-F888BDC2DA34}.Debug|x86.Build.0 = Debug|Win32
		{E028A42F-DF02-4A52-8274-F888BDC2DA34}.Release|x64.ActiveCfg = Release|x64
		{E028A42F-DF02-4A52-8274-F888BDC2DA34}.Release|x64.Build.0 = Release|x64
		{E028A42F-DF02-4A52-8274-F888BDC2DA34}.Release|x86.ActiveCfg = Release|Win32
		{E028A42F-DF02-4A52-8274-F888BDC2DA34}.Release|x86.Build.0 = Release|Win32
		{5E111868-D8AF-403B-AF4E-83542D06E99F}.Debug|x64.ActiveCfg = Debug|x64
		{5E111868-D8AF-403B-AF4E-83542D06E99F}.Debug|x64.Build.0 = Debug|x64
		{5E111868-D8AF-403B-AF4E-83542D06E99F}.Debug|x86.ActiveCfg = Debug|Win32
		{5E111868-D8AF-403B-AF4E-83542D06E99F}.Debug|x86.Build.0 = Debug|Win32
		{5E111868-D8AF-403B-AF4E-83542D06E99F}.Release|x64.ActiveCfg = Release|x64
		{5E111868-D8AF-403B-AF4E-83542D06E99F}.Release|x64.Build.0 = Release|x64
		{5E111868-D8AF-403B-AF4E-83542D06E99F}.Release|x86.ActiveCfg = Release|Win32
		{5E111868-D8AF-403B-AF4E-83542D06E99F}.Release|x86.Build.0 = Release|Win32
		{AA31474F-F6F5-471D-A442-76922D317209}.Debug|x64.ActiveCfg = Debug|x64
		{AA31474F-F6F5-471D-A442-76922D317209}.Debug|x64.Build.0 = Debug|x64
		{AA31474F-F6F5-471D-A442-76922D317209}.Debug|x86.ActiveCfg = Debug|Win32
		{AA31474F-F6F5-471D-A442-76922D317209}.Debug|x86.Build.0 = Debug|Win32
		{AA31474F-F6F5-471D-A442-76922D317209}.Release|x64.ActiveCfg = Release|x64
		{AA31474F-F6F5-471D-A442-76922D317209}.Release|x64.Build.0 = Release|x64
		{AA31474F-F6F5-471D-A442-76922D317209}.Release|x86.ActiveCfg = Release|Win32
		{AA31474F-F6F5-471D-A442-76922D317209}.Release|x86.Build.0 = Release|Win32
		{90E4BFEE-6CEE-4CEE-B780-0DC5DF47F09C}.Debug|x64.ActiveCfg = Debug|x64
		{90E4BFEE-6CEE-4CEE-B780-0DC5DF47F09C}.Debug|x64.Build.0 = Debug|x64
		{90E4BFEE-6CEE-4CEE-B780-0DC5DF47F09C}.Debug|x86.ActiveCfg = Debug|Win32
		{90E4BFEE-6CEE-4CEE-B780-0DC5DF47F09C}.Debug|x86.Build.0 = Debug|Win32
		{90E4BFEE-6CEE-4CEE-B780-0DC5DF47F09C}.Release|x64.ActiveCfg = Release|x64
		{90E4BFEE-6CEE-4CEE-B780-0DC5DF47F09C}.Release|x64.Build.0 = Release|x64
		{90E4BFEE-6CEE-4CEE-B780-0DC5DF47F09C}.Release|x86.ActiveCfg = Release|Win32
		{90E4BFEE-6CEE-4CEE-B780-0DC5DF47F09C}.Release|x86.Build.0 = Release|Win32
		{F3F7884D-436A-4113-BA9E-F6AA65D5FE5C}.Debug|x64.ActiveCfg = Debug|x64
		{F3F7884D-436A-4113-BA9E-F6AA65D5FE5C}.Debug|x64.Build.0 = Debug|x64
		{F3F7884D-436A-4113-BA9E-F6AA65D5FE5C}.Debug|x86.ActiveCfg = Debug|Win32
		{F3F7884D-436A-4113-BA9E-F6AA65D5FE5C}.Debug|x86.Build.0 = Debug|Win32
		{F3F7884D-436A-4113-BA9E-F6AA65D5FE5C}.Release|x64.ActiveCfg = Release|x64
		{F3F7884D-436A-4113-BA9E-F6AA65D5FE5C}.Release|x64.Build.0 = Release|x64
		{F3F7884D-436A-4113-BA9E-F6AA65D5FE5C}.Release|x86.ActiveCfg = Release|Win32
		{F3F7884D-436A-4113-BA9E-F6AA65D5FE5C}.Release|x86.Build.0 = Release|Win32
		{D8C6988B-9CD3-40BD-81F4-2D9536F3B5F3}.Debug|x64.ActiveCfg = Debug|x64
		{D8C6988B-9CD3-40BD-81F4-2D9536F3B5F3}.Debug|x64.Build.0 = Debug|x64
		{D8C6988B-9CD3-40BD-81F4-2D9536F3B5F3}.Debug|x86.ActiveCfg = Debug|Win32
		{D8C6988B-9CD3-40BD-81F4-2D9536F3B5F3}.Debug|x86.Build.0 = Debug|Win32
		{D8C6988B-9CD3-40BD-81F4-2D9536F3B5F3}.Release|x64.ActiveCfg = Release|x64
		{D8C6988B-9CD3-40BD-81F4-2D9536F3B5F3}.Release|x64.Build.0 = Release|x64
		{D8C6988B-9CD3-40BD-81F4-2D9536F3B5F3}.Release|x86.ActiveCfg = Release|Win32
		{D8C6988B-9CD3-40BD-81F4-2D9536F3B5F3}.Release|x86.Build.0 = Release|Win32
		{816C6148-B5A9-4F61-9A51-C0FF2C5C5858}.Debug|x64.ActiveCfg = Debug|x64
		{816C6148-B5A9-4F61-9A51-C0FF2C5C5858}.Debug|x64.Build.0 = Debug|x64
		{816C6148-B5A9-4F61-9A51-C0FF2C5C5858}.Debug|x86.ActiveCfg = Debug|Win32
		{816C6148-B5A9-4F61-9A51-C0FF2C5C5858}.Debug|x86.Build.0 = Debug|Win32
		{816C6148-B5A9-4F61-9A51-C0FF2C5C5858}.Release|x64.ActiveCfg = Release|x64
		{816C6148-B5A9-4F61-9A51-C0FF2C5C5858}.Release|x64.Build.0 = Release|x64
		{816C6148-B5A9-4F61-9A51-C0FF2C5C5858}.Release|x86.ActiveCfg = Release|Win32
		{816C6148-B5A9-4F61-9A51-C0FF2C5C5858}.Release|x86.Build.0 = Release|Win32
		{EF0E3943-E10F-4BF8-982D-F5F7A7CADA5D}.Debug|x64.ActiveCfg = Debug|x64
		{EF0E3943-E10F-4BF8-982D-F5F7A7CADA5D}.Debug|x64.Build.0 = Debug|x64
		{EF0E3943-E10F-4BF8-982D-F5F7A7CADA5D}.Debug|x86.ActiveCfg = Debug|Win32
		{EF0E3943-E10F-4BF8-982D-F5F7A7CADA5D}.Debug|x86.Build.0 = Debug|Win32
		{EF0E3943-E10F-4BF8-982D-F5F7A7CADA5D}.Release|x64.ActiveCfg = Release|x64
		{EF0E3943-E10F-4BF8-982D-F5F7A7CADA5D}.Release|x64.Build.0 = Release|x64
		{EF0E3943-E10F-4BF8-982D-F5F7A7CADA5D}.Release|x86.ActiveCfg = Release|Win32
		{EF0E3943-E10F-4BF8-982D-F5F7A7CADA5D}.Release|x86.Build.0 = Release|Win32
		{1976B7AE-00CC-46C7-A49E-0D194076778C}.Debug|x64.ActiveCfg = Debug|x64
		{1976B7AE-00CC-46C7-A49E-0D194076778C}.Debug|x64.Build.0 = Debug|x64
		{1976B7AE-00CC-46C7-A49E-0D194076778C}.Debug|x86.ActiveCfg = Debug|Win32
		{1976B7AE-00CC-46C7-A49E-0D194076778C}.Debug|x86.Build.0 = Debug|Win32
		{1976B7AE-00CC-46C7-A49E-0D194076778C}.Release|x64.ActiveCfg = Release|x64
		{1976B7AE-00CC-46C7-A49E-0D194076778C}.Release|x64.Build.0 = Release|x64
		{1976B7AE-00CC-46C7-A49E-0D194076778C}.Release|x86.ActiveCfg = Release|Win32
		{1976B7AE-00CC-46C7-A49E-0D194076778C}.Release|x86.Build.0 = Release|Win32
		{CBB55F04-0D16-4E46-B302-F1A88A262C60}.Debug|x64.ActiveCfg = Debug|x64
		{CBB55F04-0D16-4E46-B302-F1A88A262C60}.Debug|x64.Build.0 = Debug|x64
		{CBB55F04-0D16-4E46-B302-F1A88A262C60}.Debug|x86.ActiveCfg = Debug|Win32
		{CBB55F04-0D16-4E46-B302-F1A88A262C60}.Debug|x86.Build.0 = Debug|Win32
		{CBB55F04-0D16-4E46-B302-F1A88A262C60}.Release|x64.ActiveCfg = Release|x64
		{CBB55F04-0D16-4E46-B302-F1A88A262C60}.Release|x64.Build.0 = Release|x64
		{CBB55F04-0D16-4E46-B302-F1A88A262C60}.Release|x86.ActiveCfg = Release|Win32
		{CBB55F04-0D16-4E46-B302-F1A88A262C60}.Release|x86.Build.0 = Release|Win32
	EndGlobalSection
	GlobalSection(SolutionProperties) = preSolution
		HideSolutionNode = FALSE
	EndGlobalSection
	GlobalSection(ExtensibilityGlobals) = postSolution
		SolutionGuid = {81001320-ADBA-43D4-B9C1-1D1FB76BB665}
	EndGlobalSection
EndGlobal
